
Microsoft Visual Studio Solution File, Format Version 12.00
# Visual Studio Version 16
VisualStudioVersion = 16.0.31019.35
MinimumVisualStudioVersion = 10.0.40219.1
Project("{9A19103F-16F7-4668-BE54-9A1E7A4F7556}") = "KampIntro", "KampIntro\KampIntro.csproj", "{6D7E3BE5-EB7D-4F2E-9A9F-CF2CF8936F1F}"
EndProject
Project("{9A19103F-16F7-4668-BE54-9A1E7A4F7556}") = "Donguler", "Donguler\Donguler.csproj", "{68A1E548-CFFF-42C8-B25E-9A44F9A1CE0E}"
EndProject
Project("{9A19103F-16F7-4668-BE54-9A1E7A4F7556}") = "odevders2", "dongulerdeneme\odevders2.csproj", "{5FB34A43-7D3B-406B-BFCD-EF4BB413DEB8}"
EndProject
Project("{9A19103F-16F7-4668-BE54-9A1E7A4F7556}") = "ClassIntro", "ClassIntro\ClassIntro.csproj", "{35365F94-0385-4475-8F70-056169C48096}"
EndProject
Project("{9A19103F-16F7-4668-BE54-9A1E7A4F7556}") = "Metotlar", "Metotlar\Metotlar.csproj", "{B1973BD9-525E-46DA-82C9-8CD0142923EC}"
EndProject
Project("{9A19103F-16F7-4668-BE54-9A1E7A4F7556}") = "Matematik", "Matematik\Matematik.csproj", "{E7F1D0CB-9CC5-42BD-AED5-B6CF0A0B7127}"
EndProject
Project("{9A19103F-16F7-4668-BE54-9A1E7A4F7556}") = "DegerVeReferansTipler", "DegerVeReferansTipler\DegerVeReferansTipler.csproj", "{4D3319BB-4CC3-4474-82FB-3E3CE440B1F8}"
EndProject
Project("{9A19103F-16F7-4668-BE54-9A1E7A4F7556}") = "Odev3", "Odev3\Odev3.csproj", "{430F7C13-F3E7-4776-BB65-3C1B62ED9DBA}"
EndProject
Project("{9A19103F-16F7-4668-BE54-9A1E7A4F7556}") = "OOP1", "OOP1\OOP1.csproj", "{12EE221D-46EE-46B8-B7A4-0BA8CE794958}"
EndProject
Project("{9A19103F-16F7-4668-BE54-9A1E7A4F7556}") = "Oop2", "Oop2\Oop2.csproj", "{6AE626C6-9724-46CE-A4A2-AA24FA758830}"
EndProject
Project("{9A19103F-16F7-4668-BE54-9A1E7A4F7556}") = "Odev5Game", "Odev5Game\Odev5Game.csproj", "{A901A8D0-46B8-4593-B654-92BFF38F8142}"
EndProject
Project("{9A19103F-16F7-4668-BE54-9A1E7A4F7556}") = "Koleksiyonlar", "Koleksiyonlar\Koleksiyonlar.csproj", "{847791A0-E4D1-49F1-A62A-E31FE8B7F1C1}"
EndProject
Project("{9A19103F-16F7-4668-BE54-9A1E7A4F7556}") = "GenericsIntro", "GenericsIntro\GenericsIntro.csproj", "{D0527E80-9A84-4F7D-B00C-9D9C60C0FF01}"
EndProject
Project("{9A19103F-16F7-4668-BE54-9A1E7A4F7556}") = "OOP3", "OOP3\OOP3.csproj", "{739400FF-38DE-4AC9-9181-232A63033A42}"
EndProject
Global
	GlobalSection(SolutionConfigurationPlatforms) = preSolution
		Debug|Any CPU = Debug|Any CPU
		Release|Any CPU = Release|Any CPU
	EndGlobalSection
	GlobalSection(ProjectConfigurationPlatforms) = postSolution
		{6D7E3BE5-EB7D-4F2E-9A9F-CF2CF8936F1F}.Debug|Any CPU.ActiveCfg = Debug|Any CPU
		{6D7E3BE5-EB7D-4F2E-9A9F-CF2CF8936F1F}.Debug|Any CPU.Build.0 = Debug|Any CPU
		{6D7E3BE5-EB7D-4F2E-9A9F-CF2CF8936F1F}.Release|Any CPU.ActiveCfg = Release|Any CPU
		{6D7E3BE5-EB7D-4F2E-9A9F-CF2CF8936F1F}.Release|Any CPU.Build.0 = Release|Any CPU
		{68A1E548-CFFF-42C8-B25E-9A44F9A1CE0E}.Debug|Any CPU.ActiveCfg = Debug|Any CPU
		{68A1E548-CFFF-42C8-B25E-9A44F9A1CE0E}.Debug|Any CPU.Build.0 = Debug|Any CPU
		{68A1E548-CFFF-42C8-B25E-9A44F9A1CE0E}.Release|Any CPU.ActiveCfg = Release|Any CPU
		{68A1E548-CFFF-42C8-B25E-9A44F9A1CE0E}.Release|Any CPU.Build.0 = Release|Any CPU
		{5FB34A43-7D3B-406B-BFCD-EF4BB413DEB8}.Debug|Any CPU.ActiveCfg = Debug|Any CPU
		{5FB34A43-7D3B-406B-BFCD-EF4BB413DEB8}.Debug|Any CPU.Build.0 = Debug|Any CPU
		{5FB34A43-7D3B-406B-BFCD-EF4BB413DEB8}.Release|Any CPU.ActiveCfg = Release|Any CPU
		{5FB34A43-7D3B-406B-BFCD-EF4BB413DEB8}.Release|Any CPU.Build.0 = Release|Any CPU
		{35365F94-0385-4475-8F70-056169C48096}.Debug|Any CPU.ActiveCfg = Debug|Any CPU
		{35365F94-0385-4475-8F70-056169C48096}.Debug|Any CPU.Build.0 = Debug|Any CPU
		{35365F94-0385-4475-8F70-056169C48096}.Release|Any CPU.ActiveCfg = Release|Any CPU
		{35365F94-0385-4475-8F70-056169C48096}.Release|Any CPU.Build.0 = Release|Any CPU
		{B1973BD9-525E-46DA-82C9-8CD0142923EC}.Debug|Any CPU.ActiveCfg = Debug|Any CPU
		{B1973BD9-525E-46DA-82C9-8CD0142923EC}.Debug|Any CPU.Build.0 = Debug|Any CPU
		{B1973BD9-525E-46DA-82C9-8CD0142923EC}.Release|Any CPU.ActiveCfg = Release|Any CPU
		{B1973BD9-525E-46DA-82C9-8CD0142923EC}.Release|Any CPU.Build.0 = Release|Any CPU
		{E7F1D0CB-9CC5-42BD-AED5-B6CF0A0B7127}.Debug|Any CPU.ActiveCfg = Debug|Any CPU
		{E7F1D0CB-9CC5-42BD-AED5-B6CF0A0B7127}.Debug|Any CPU.Build.0 = Debug|Any CPU
		{E7F1D0CB-9CC5-42BD-AED5-B6CF0A0B7127}.Release|Any CPU.ActiveCfg = Release|Any CPU
		{E7F1D0CB-9CC5-42BD-AED5-B6CF0A0B7127}.Release|Any CPU.Build.0 = Release|Any CPU
		{4D3319BB-4CC3-4474-82FB-3E3CE440B1F8}.Debug|Any CPU.ActiveCfg = Debug|Any CPU
		{4D3319BB-4CC3-4474-82FB-3E3CE440B1F8}.Debug|Any CPU.Build.0 = Debug|Any CPU
		{4D3319BB-4CC3-4474-82FB-3E3CE440B1F8}.Release|Any CPU.ActiveCfg = Release|Any CPU
		{4D3319BB-4CC3-4474-82FB-3E3CE440B1F8}.Release|Any CPU.Build.0 = Release|Any CPU
		{430F7C13-F3E7-4776-BB65-3C1B62ED9DBA}.Debug|Any CPU.ActiveCfg = Debug|Any CPU
		{430F7C13-F3E7-4776-BB65-3C1B62ED9DBA}.Debug|Any CPU.Build.0 = Debug|Any CPU
		{430F7C13-F3E7-4776-BB65-3C1B62ED9DBA}.Release|Any CPU.ActiveCfg = Release|Any CPU
		{430F7C13-F3E7-4776-BB65-3C1B62ED9DBA}.Release|Any CPU.Build.0 = Release|Any CPU
		{12EE221D-46EE-46B8-B7A4-0BA8CE794958}.Debug|Any CPU.ActiveCfg = Debug|Any CPU
		{12EE221D-46EE-46B8-B7A4-0BA8CE794958}.Debug|Any CPU.Build.0 = Debug|Any CPU
		{12EE221D-46EE-46B8-B7A4-0BA8CE794958}.Release|Any CPU.ActiveCfg = Release|Any CPU
		{12EE221D-46EE-46B8-B7A4-0BA8CE794958}.Release|Any CPU.Build.0 = Release|Any CPU
		{6AE626C6-9724-46CE-A4A2-AA24FA758830}.Debug|Any CPU.ActiveCfg = Debug|Any CPU
		{6AE626C6-9724-46CE-A4A2-AA24FA758830}.Debug|Any CPU.Build.0 = Debug|Any CPU
		{6AE626C6-9724-46CE-A4A2-AA24FA758830}.Release|Any CPU.ActiveCfg = Release|Any CPU
		{6AE626C6-9724-46CE-A4A2-AA24FA758830}.Release|Any CPU.Build.0 = Release|Any CPU
		{A901A8D0-46B8-4593-B654-92BFF38F8142}.Debug|Any CPU.ActiveCfg = Debug|Any CPU
		{A901A8D0-46B8-4593-B654-92BFF38F8142}.Debug|Any CPU.Build.0 = Debug|Any CPU
		{A901A8D0-46B8-4593-B654-92BFF38F8142}.Release|Any CPU.ActiveCfg = Release|Any CPU
		{A901A8D0-46B8-4593-B654-92BFF38F8142}.Release|Any CPU.Build.0 = Release|Any CPU
		{847791A0-E4D1-49F1-A62A-E31FE8B7F1C1}.Debug|Any CPU.ActiveCfg = Debug|Any CPU
		{847791A0-E4D1-49F1-A62A-E31FE8B7F1C1}.Debug|Any CPU.Build.0 = Debug|Any CPU
		{847791A0-E4D1-49F1-A62A-E31FE8B7F1C1}.Release|Any CPU.ActiveCfg = Release|Any CPU
		{847791A0-E4D1-49F1-A62A-E31FE8B7F1C1}.Release|Any CPU.Build.0 = Release|Any CPU
		{D0527E80-9A84-4F7D-B00C-9D9C60C0FF01}.Debug|Any CPU.ActiveCfg = Debug|Any CPU
		{D0527E80-9A84-4F7D-B00C-9D9C60C0FF01}.Debug|Any CPU.Build.0 = Debug|Any CPU
		{D0527E80-9A84-4F7D-B00C-9D9C60C0FF01}.Release|Any CPU.ActiveCfg = Release|Any CPU
		{D0527E80-9A84-4F7D-B00C-9D9C60C0FF01}.Release|Any CPU.Build.0 = Release|Any CPU
		{739400FF-38DE-4AC9-9181-232A63033A42}.Debug|Any CPU.ActiveCfg = Debug|Any CPU
		{739400FF-38DE-4AC9-9181-232A63033A42}.Debug|Any CPU.Build.0 = Debug|Any CPU
		{739400FF-38DE-4AC9-9181-232A63033A42}.Release|Any CPU.ActiveCfg = Release|Any CPU
		{739400FF-38DE-4AC9-9181-232A63033A42}.Release|Any CPU.Build.0 = Release|Any CPU
	EndGlobalSection
	GlobalSection(SolutionProperties) = preSolution
		HideSolutionNode = FALSE
	EndGlobalSection
	GlobalSection(ExtensibilityGlobals) = postSolution
		SolutionGuid = {089785FD-8B2B-4542-9320-57CED9608138}
	EndGlobalSection
EndGlobal
